# Generated by pub
# See http://pub.dartlang.org/doc/glossary.html#lockfile
packages:
  barback:
    description: barback
    source: hosted
    version: "0.15.2+4"
  browser:
    description: browser
    source: hosted
    version: "0.10.0+2"
  chrome:
    description: chrome
    source: hosted
    version: "0.6.5"
  collection:
    description: collection
    source: hosted
    version: "1.1.1"
  crypto:
    description: crypto
    source: hosted
    version: "0.9.0"
  dart_web_toolkit:
    description: dart_web_toolkit
    source: hosted
    version: "0.4.5"
  hetimacore:
    description:
      ref: null
      resolved-ref: "19cdf7af53960387cda960f07fcd90e72e1b182c"
      url: "https://github.com/kyorohiro/dart_hetimacore"
    source: git
    version: "0.0.2"
  hetimanet:
    description:
      ref: null
      resolved-ref: b7ee7f50464aacc106fa11e951fc122f001e4034
      url: "https://github.com/kyorohiro/dart_hetimanet"
    source: git
    version: "0.0.1"
  hetimaregex:
    description:
      ref: null
      resolved-ref: "37608feb7512f73a4fe352587d083cefb842b0fb"
      url: "https://github.com/kyorohiro/dart_hetimaregex"
    source: git
    version: "0.0.1"
  path:
    description: path
    source: hosted
    version: "1.3.5"
  petitparser:
    description: petitparser
    source: hosted
    version: "1.4.1"
  pool:
    description: pool
    source: hosted
    version: "1.0.1"
  source_span:
    description: source_span
    source: hosted
    version: "1.1.2"
  stack_trace:
    description: stack_trace
    source: hosted
    version: "1.3.2"
  xml:
    description: xml
    source: hosted
    version: "2.3.2"
